
Microsoft Visual Studio Solution File, Format Version 12.00
# Visual Studio 15
VisualStudioVersion = 15.0.28307.902
MinimumVisualStudioVersion = 10.0.40219.1
Project("{FAE04EC0-301F-11D3-BF4B-00C04F79EFBC}") = "Obl2p3", "Obl2p3\Obl2p3.csproj", "{3BFEDE3E-AF3A-43C2-AA33-F3DAD32C990C}"
EndProject
Global
	GlobalSection(SolutionConfigurationPlatforms) = preSolution
		Debug|Any CPU = Debug|Any CPU
		Release|Any CPU = Release|Any CPU
	EndGlobalSection
	GlobalSection(ProjectConfigurationPlatforms) = postSolution
		{3BFEDE3E-AF3A-43C2-AA33-F3DAD32C990C}.Debug|Any CPU.ActiveCfg = Debug|Any CPU
		{3BFEDE3E-AF3A-43C2-AA33-F3DAD32C990C}.Debug|Any CPU.Build.0 = Debug|Any CPU
		{3BFEDE3E-AF3A-43C2-AA33-F3DAD32C990C}.Release|Any CPU.ActiveCfg = Release|Any CPU
		{3BFEDE3E-AF3A-43C2-AA33-F3DAD32C990C}.Release|Any CPU.Build.0 = Release|Any CPU
	EndGlobalSection
	GlobalSection(SolutionProperties) = preSolution
		HideSolutionNode = FALSE
	EndGlobalSection
	GlobalSection(ExtensibilityGlobals) = postSolution
		SolutionGuid = {257342F8-813E-4944-B51D-FF866B24A15A}
	EndGlobalSection
EndGlobal
